
Microsoft Visual Studio Solution File, Format Version 12.00
# Visual Studio Version 17
VisualStudioVersion = 17.13.35931.197 d17.13
MinimumVisualStudioVersion = 10.0.40219.1
Project("{8BC9CEB8-8B4A-11D0-8D11-00A0C91BC942}") = "Guard", "Guard\Guard.vcxproj", "{9BCBB3CE-F523-AB81-0E27-FB393F2B8C26}"
EndProject
Global
	GlobalSection(SolutionConfigurationPlatforms) = preSolution
		Debug|ARM64 = Debug|ARM64
		Debug|x64 = Debug|x64
		Release|ARM64 = Release|ARM64
		Release|x64 = Release|x64
	EndGlobalSection
	GlobalSection(ProjectConfigurationPlatforms) = postSolution
		{9BCBB3CE-F523-AB81-0E27-FB393F2B8C26}.Debug|ARM64.ActiveCfg = Debug|ARM64
		{9BCBB3CE-F523-AB81-0E27-FB393F2B8C26}.Debug|ARM64.Build.0 = Debug|ARM64
		{9BCBB3CE-F523-AB81-0E27-FB393F2B8C26}.Debug|ARM64.Deploy.0 = Debug|ARM64
		{9BCBB3CE-F523-AB81-0E27-FB393F2B8C26}.Debug|x64.ActiveCfg = Debug|x64
		{9BCBB3CE-F523-AB81-0E27-FB393F2B8C26}.Debug|x64.Build.0 = Debug|x64
		{9BCBB3CE-F523-AB81-0E27-FB393F2B8C26}.Debug|x64.Deploy.0 = Debug|x64
		{9BCBB3CE-F523-AB81-0E27-FB393F2B8C26}.Release|ARM64.ActiveCfg = Release|ARM64
		{9BCBB3CE-F523-AB81-0E27-FB393F2B8C26}.Release|ARM64.Build.0 = Release|ARM64
		{9BCBB3CE-F523-AB81-0E27-FB393F2B8C26}.Release|ARM64.Deploy.0 = Release|ARM64
		{9BCBB3CE-F523-AB81-0E27-FB393F2B8C26}.Release|x64.ActiveCfg = Release|x64
		{9BCBB3CE-F523-AB81-0E27-FB393F2B8C26}.Release|x64.Build.0 = Release|x64
		{9BCBB3CE-F523-AB81-0E27-FB393F2B8C26}.Release|x64.Deploy.0 = Release|x64
	EndGlobalSection
	GlobalSection(SolutionProperties) = preSolution
		HideSolutionNode = FALSE
	EndGlobalSection
	GlobalSection(ExtensibilityGlobals) = postSolution
		SolutionGuid = {61A02649-0ACD-4F27-8B6D-8BF7A90D7BEC}
	EndGlobalSection
EndGlobal
